
Microsoft Visual Studio Solution File, Format Version 12.00
# Visual Studio Version 17
VisualStudioVersion = 17.0.31903.59
MinimumVisualStudioVersion = 10.0.40219.1
Project("{FAE04EC0-301F-11D3-BF4B-00C04F79EFBC}") = "Pogodoc", "Pogodoc\Pogodoc.csproj", "{221542B4-5D17-47CB-9B5E-5FB5A1BB97B6}"
EndProject
Project("{FAE04EC0-301F-11D3-BF4B-00C04F79EFBC}") = "Pogodoc.Test", "Pogodoc.Test\Pogodoc.Test.csproj", "{579E7E4C-C86D-493E-8C76-D95697DC7C69}"
EndProject
Global
	GlobalSection(SolutionConfigurationPlatforms) = preSolution
		Debug|Any CPU = Debug|Any CPU
		Release|Any CPU = Release|Any CPU
	EndGlobalSection
	GlobalSection(SolutionProperties) = preSolution
		HideSolutionNode = FALSE
	EndGlobalSection
	GlobalSection(ProjectConfigurationPlatforms) = postSolution
		{221542B4-5D17-47CB-9B5E-5FB5A1BB97B6}.Debug|Any CPU.ActiveCfg = Debug|Any CPU
		{221542B4-5D17-47CB-9B5E-5FB5A1BB97B6}.Debug|Any CPU.Build.0 = Debug|Any CPU
		{221542B4-5D17-47CB-9B5E-5FB5A1BB97B6}.Release|Any CPU.ActiveCfg = Release|Any CPU
		{221542B4-5D17-47CB-9B5E-5FB5A1BB97B6}.Release|Any CPU.Build.0 = Release|Any CPU
		{579E7E4C-C86D-493E-8C76-D95697DC7C69}.Debug|Any CPU.ActiveCfg = Debug|Any CPU
		{579E7E4C-C86D-493E-8C76-D95697DC7C69}.Debug|Any CPU.Build.0 = Debug|Any CPU
		{579E7E4C-C86D-493E-8C76-D95697DC7C69}.Release|Any CPU.ActiveCfg = Release|Any CPU
		{579E7E4C-C86D-493E-8C76-D95697DC7C69}.Release|Any CPU.Build.0 = Release|Any CPU
	EndGlobalSection
EndGlobal
