
Microsoft Visual Studio Solution File, Format Version 12.00
# Visual Studio Version 17
VisualStudioVersion = 17.0.31903.59
MinimumVisualStudioVersion = 10.0.40219.1
Project("{FAE04EC0-301F-11D3-BF4B-00C04F79EFBC}") = "Pogodoc", "Pogodoc\Pogodoc.csproj", "{E6572B1F-9159-4EDE-9CBA-B5ED0A511FCE}"
EndProject
Project("{FAE04EC0-301F-11D3-BF4B-00C04F79EFBC}") = "Pogodoc.Test", "Pogodoc.Test\Pogodoc.Test.csproj", "{A487EAB3-616E-4229-84B0-800B1067EBE8}"
EndProject
Global
	GlobalSection(SolutionConfigurationPlatforms) = preSolution
		Debug|Any CPU = Debug|Any CPU
		Release|Any CPU = Release|Any CPU
	EndGlobalSection
	GlobalSection(SolutionProperties) = preSolution
		HideSolutionNode = FALSE
	EndGlobalSection
	GlobalSection(ProjectConfigurationPlatforms) = postSolution
		{E6572B1F-9159-4EDE-9CBA-B5ED0A511FCE}.Debug|Any CPU.ActiveCfg = Debug|Any CPU
		{E6572B1F-9159-4EDE-9CBA-B5ED0A511FCE}.Debug|Any CPU.Build.0 = Debug|Any CPU
		{E6572B1F-9159-4EDE-9CBA-B5ED0A511FCE}.Release|Any CPU.ActiveCfg = Release|Any CPU
		{E6572B1F-9159-4EDE-9CBA-B5ED0A511FCE}.Release|Any CPU.Build.0 = Release|Any CPU
		{A487EAB3-616E-4229-84B0-800B1067EBE8}.Debug|Any CPU.ActiveCfg = Debug|Any CPU
		{A487EAB3-616E-4229-84B0-800B1067EBE8}.Debug|Any CPU.Build.0 = Debug|Any CPU
		{A487EAB3-616E-4229-84B0-800B1067EBE8}.Release|Any CPU.ActiveCfg = Release|Any CPU
		{A487EAB3-616E-4229-84B0-800B1067EBE8}.Release|Any CPU.Build.0 = Release|Any CPU
	EndGlobalSection
EndGlobal
